lockfileVersion: '9.0'

settings:
  autoInstallPeers: true
  excludeLinksFromLockfile: false

importers:

  .:
    dependencies:
      loro-crdt:
        specifier: 1.16.2
        version: 1.16.2
      loro.js:
        specifier: 0.3.0
        version: 0.3.0

packages:

  loro-crdt@1.16.2:
    resolution: {integrity: sha512-Jbfy/P6ggYWa3joyz/P+Vqtg66+pUdF+a6PrC69bTnNQIaElJd/Tx5xBPZBa9rgMjoU3YW67v9CSMLqRi8TeQA==}

  loro.js@0.3.0:
    resolution: {integrity: sha512-4gDZGFdTNlEGTF0G+NoyOBlwwmxuIn/RWlnAfnjHNXkWNVDNLjSCbqBEOLT9ZbNsyBuRka2ASZt7mHB5TqQ+6A==}

snapshots:

  loro-crdt@1.16.2: {}

  loro.js@0.3.0: {}
